// !$*UTF8*$!
{
	archiveVersion = 1;
	classes = {
	};
	objectVersion = 77;
	objects = {

/* Begin PBXBuildFile section */
		092D2C812D4565FD003CA5AF /* FirebaseAnalytics in Frameworks */ = {isa = PBXBuildFile; productRef = 092D2C802D4565FD003CA5AF /* FirebaseAnalytics */; };
		092D2C832D4565FD003CA5AF /* FirebaseAuth in Frameworks */ = {isa = PBXBuildFile; productRef = 092D2C822D4565FD003CA5AF /* FirebaseAuth */; };
		092D2C852D4565FD003CA5AF /* FirebaseStorage in Frameworks */ = {isa = PBXBuildFile; productRef = 092D2C842D4565FD003CA5AF /* FirebaseStorage */; };
		092D33942D49757D003CA5AF /* UserNotifications.framework in Frameworks */ = {isa = PBXBuildFile; fileRef = 092D33932D49757D003CA5AF /* UserNotifications.framework */; };
		092D33962D4975BF003CA5AF /* AdSupport.framework in Frameworks */ = {isa = PBXBuildFile; fileRef = 092D33952D4975BF003CA5AF /* AdSupport.framework */; platformFilters = (ios, macos, ); };
		092D339A2D4975E9003CA5AF /* Security.framework in Frameworks */ = {isa = PBXBuildFile; fileRef = 092D33992D4975E9003CA5AF /* Security.framework */; };
		092D339B2D4975FE003CA5AF /* iAd.framework in Frameworks */ = {isa = PBXBuildFile; fileRef = 092D33972D4975CE003CA5AF /* iAd.framework */; platformFilter = ios; };
		092D339F2D497BA1003CA5AF /* FirebaseMessaging in Frameworks */ = {isa = PBXBuildFile; productRef = 092D339E2D497BA1003CA5AF /* FirebaseMessaging */; };
/* End PBXBuildFile section */

/* Begin PBXContainerItemProxy section */
		092D2C4F2D41BFD3003CA5AF /* PBXContainerItemProxy */ = {
			isa = PBXContainerItemProxy;
			containerPortal = 092D2C352D41BFD2003CA5AF /* Project object */;
			proxyType = 1;
			remoteGlobalIDString = 092D2C3C2D41BFD2003CA5AF;
			remoteInfo = iFridge;
		};
		092D2C592D41BFD3003CA5AF /* PBXContainerItemProxy */ = {
			isa = PBXContainerItemProxy;
			containerPortal = 092D2C352D41BFD2003CA5AF /* Project object */;
			proxyType = 1;
			remoteGlobalIDString = 092D2C3C2D41BFD2003CA5AF;
			remoteInfo = iFridge;
		};
/* End PBXContainerItemProxy section */

/* Begin PBXFileReference section */
		092D2C3D2D41BFD2003CA5AF /* iFridge.app */ = {isa = PBXFileReference; explicitFileType = wrapper.application; includeInIndex = 0; path = iFridge.app; sourceTree = BUILT_PRODUCTS_DIR; };
		092D2C4E2D41BFD3003CA5AF /* iFridgeTests.xctest */ = {isa = PBXFileReference; explicitFileType = wrapper.cfbundle; includeInIndex = 0; path = iFridgeTests.xctest; sourceTree = BUILT_PRODUCTS_DIR; };
		092D2C582D41BFD3003CA5AF /* iFridgeUITests.xctest */ = {isa = PBXFileReference; explicitFileType = wrapper.cfbundle; includeInIndex = 0; path = iFridgeUITests.xctest; sourceTree = BUILT_PRODUCTS_DIR; };
		092D33932D49757D003CA5AF /* UserNotifications.framework */ = {isa = PBXFileReference; lastKnownFileType = wrapper.framework; name = UserNotifications.framework; path = Platforms/iPhoneOS.platform/Developer/SDKs/iPhoneOS18.2.sdk/System/Library/Frameworks/UserNotifications.framework; sourceTree = DEVELOPER_DIR; };
		092D33952D4975BF003CA5AF /* AdSupport.framework */ = {isa = PBXFileReference; lastKnownFileType = wrapper.framework; name = AdSupport.framework; path = Platforms/iPhoneOS.platform/Developer/SDKs/iPhoneOS18.2.sdk/System/Library/Frameworks/AdSupport.framework; sourceTree = DEVELOPER_DIR; };
		092D33972D4975CE003CA5AF /* iAd.framework */ = {isa = PBXFileReference; lastKnownFileType = wrapper.framework; name = iAd.framework; path = Platforms/iPhoneOS.platform/Developer/SDKs/iPhoneOS18.2.sdk/System/Library/Frameworks/iAd.framework; sourceTree = DEVELOPER_DIR; };
		092D33992D4975E9003CA5AF /* Security.framework */ = {isa = PBXFileReference; lastKnownFileType = wrapper.framework; name = Security.framework; path = Platforms/iPhoneOS.platform/Developer/SDKs/iPhoneOS18.2.sdk/System/Library/Frameworks/Security.framework; sourceTree = DEVELOPER_DIR; };
/* End PBXFileReference section */

/* Begin PBXFileSystemSynchronizedBuildFileExceptionSet section */
		092D339D2D49763B003CA5AF /* Exceptions for "iFridge" folder in "iFridge" target */ = {
			isa = PBXFileSystemSynchronizedBuildFileExceptionSet;
			membershipExceptions = (
				Info.plist,
			);
			target = 092D2C3C2D41BFD2003CA5AF /* iFridge */;
		};
/* End PBXFileSystemSynchronizedBuildFileExceptionSet section */

/* Begin PBXFileSystemSynchronizedRootGroup section */
		092D2C3F2D41BFD2003CA5AF /* iFridge */ = {
			isa = PBXFileSystemSynchronizedRootGroup;
			exceptions = (
				092D339D2D49763B003CA5AF /* Exceptions for "iFridge" folder in "iFridge" target */,
			);
			path = iFridge;
			sourceTree = "<group>";
		};
		092D2C512D41BFD3003CA5AF /* iFridgeTests */ = {
			isa = PBXFileSystemSynchronizedRootGroup;
			path = iFridgeTests;
			sourceTree = "<group>";
		};
		092D2C5B2D41BFD3003CA5AF /* iFridgeUITests */ = {
			isa = PBXFileSystemSynchronizedRootGroup;
			path = iFridgeUITests;
			sourceTree = "<group>";
		};
/* End PBXFileSystemSynchronizedRootGroup section */

/* Begin PBXFrameworksBuildPhase section */
		092D2C3A2D41BFD2003CA5AF /* Frameworks */ = {
			isa = PBXFrameworksBuildPhase;
			buildActionMask = 2147483647;
			files = (
				092D339F2D497BA1003CA5AF /* FirebaseMessaging in Frameworks */,
				092D33942D49757D003CA5AF /* UserNotifications.framework in Frameworks */,
				092D33962D4975BF003CA5AF /* AdSupport.framework in Frameworks */,
				092D2C812D4565FD003CA5AF /* FirebaseAnalytics in Frameworks */,
				092D339B2D4975FE003CA5AF /* iAd.framework in Frameworks */,
				092D339A2D4975E9003CA5AF /* Security.framework in Frameworks */,
				092D2C832D4565FD003CA5AF /* FirebaseAuth in Frameworks */,
				092D2C852D4565FD003CA5AF /* FirebaseStorage in Frameworks */,
			);
			runOnlyForDeploymentPostprocessing = 0;
		};
		092D2C4B2D41BFD3003CA5AF /* Frameworks */ = {
			isa = PBXFrameworksBuildPhase;
			buildActionMask = 2147483647;
			files = (
			);
			runOnlyForDeploymentPostprocessing = 0;
		};
		092D2C552D41BFD3003CA5AF /* Frameworks */ = {
			isa = PBXFrameworksBuildPhase;
			buildActionMask = 2147483647;
			files = (
			);
			runOnlyForDeploymentPostprocessing = 0;
		};
/* End PBXFrameworksBuildPhase section */

/* Begin PBXGroup section */
		092D2C342D41BFD2003CA5AF = {
			isa = PBXGroup;
			children = (
				092D2C3F2D41BFD2003CA5AF /* iFridge */,
				092D2C512D41BFD3003CA5AF /* iFridgeTests */,
				092D2C5B2D41BFD3003CA5AF /* iFridgeUITests */,
				092D33922D49757D003CA5AF /* Frameworks */,
				092D2C3E2D41BFD2003CA5AF /* Products */,
			);
			sourceTree = "<group>";
		};
		092D2C3E2D41BFD2003CA5AF /* Products */ = {
			isa = PBXGroup;
			children = (
				092D2C3D2D41BFD2003CA5AF /* iFridge.app */,
				092D2C4E2D41BFD3003CA5AF /* iFridgeTests.xctest */,
				092D2C582D41BFD3003CA5AF /* iFridgeUITests.xctest */,
			);
			name = Products;
			sourceTree = "<group>";
		};
		092D33922D49757D003CA5AF /* Frameworks */ = {
			isa = PBXGroup;
			children = (
				092D33992D4975E9003CA5AF /* Security.framework */,
				092D33972D4975CE003CA5AF /* iAd.framework */,
				092D33952D4975BF003CA5AF /* AdSupport.framework */,
				092D33932D49757D003CA5AF /* UserNotifications.framework */,
			);
			name = Frameworks;
			sourceTree = "<group>";
		};
/* End PBXGroup section */

/* Begin PBXNativeTarget section */
		092D2C3C2D41BFD2003CA5AF /* iFridge */ = {
			isa = PBXNativeTarget;
			buildConfigurationList = 092D2C622D41BFD3003CA5AF /* Build configuration list for PBXNativeTarget "iFridge" */;
			buildPhases = (
				092D2C392D41BFD2003CA5AF /* Sources */,
				092D2C3A2D41BFD2003CA5AF /* Frameworks */,
				092D2C3B2D41BFD2003CA5AF /* Resources */,
			);
			buildRules = (
			);
			dependencies = (
			);
			fileSystemSynchronizedGroups = (
				092D2C3F2D41BFD2003CA5AF /* iFridge */,
			);
			name = iFridge;
			packageProductDependencies = (
				092D2C802D4565FD003CA5AF /* FirebaseAnalytics */,
				092D2C822D4565FD003CA5AF /* FirebaseAuth */,
				092D2C842D4565FD003CA5AF /* FirebaseStorage */,
				092D339E2D497BA1003CA5AF /* FirebaseMessaging */,
			);
			productName = iFridge;
			productReference = 092D2C3D2D41BFD2003CA5AF /* iFridge.app */;
			productType = "com.apple.product-type.application";
		};
		092D2C4D2D41BFD3003CA5AF /* iFridgeTests */ = {
			isa = PBXNativeTarget;
			buildConfigurationList = 092D2C652D41BFD3003CA5AF /* Build configuration list for PBXNativeTarget "iFridgeTests" */;
			buildPhases = (
				092D2C4A2D41BFD3003CA5AF /* Sources */,
				092D2C4B2D41BFD3003CA5AF /* Frameworks */,
				092D2C4C2D41BFD3003CA5AF /* Resources */,
			);
			buildRules = (
			);
			dependencies = (
				092D2C502D41BFD3003CA5AF /* PBXTargetDependency */,
			);
			fileSystemSynchronizedGroups = (
				092D2C512D41BFD3003CA5AF /* iFridgeTests */,
			);
			name = iFridgeTests;
			packageProductDependencies = (
			);
			productName = iFridgeTests;
			productReference = 092D2C4E2D41BFD3003CA5AF /* iFridgeTests.xctest */;
			productType = "com.apple.product-type.bundle.unit-test";
		};
		092D2C572D41BFD3003CA5AF /* iFridgeUITests */ = {
			isa = PBXNativeTarget;
			buildConfigurationList = 092D2C682D41BFD3003CA5AF /* Build configuration list for PBXNativeTarget "iFridgeUITests" */;
			buildPhases = (
				092D2C542D41BFD3003CA5AF /* Sources */,
				092D2C552D41BFD3003CA5AF /* Frameworks */,
				092D2C562D41BFD3003CA5AF /* Resources */,
			);
			buildRules = (
			);
			dependencies = (
				092D2C5A2D41BFD3003CA5AF /* PBXTargetDependency */,
			);
			fileSystemSynchronizedGroups = (
				092D2C5B2D41BFD3003CA5AF /* iFridgeUITests */,
			);
			name = iFridgeUITests;
			packageProductDependencies = (
			);
			productName = iFridgeUITests;
			productReference = 092D2C582D41BFD3003CA5AF /* iFridgeUITests.xctest */;
			productType = "com.apple.product-type.bundle.ui-testing";
		};
/* End PBXNativeTarget section */

/* Begin PBXProject section */
		092D2C352D41BFD2003CA5AF /* Project object */ = {
			isa = PBXProject;
			attributes = {
				BuildIndependentTargetsInParallel = 1;
				LastSwiftUpdateCheck = 1620;
				LastUpgradeCheck = 1620;
				TargetAttributes = {
					092D2C3C2D41BFD2003CA5AF = {
						CreatedOnToolsVersion = 16.2;
					};
					092D2C4D2D41BFD3003CA5AF = {
						CreatedOnToolsVersion = 16.2;
						TestTargetID = 092D2C3C2D41BFD2003CA5AF;
					};
					092D2C572D41BFD3003CA5AF = {
						CreatedOnToolsVersion = 16.2;
						TestTargetID = 092D2C3C2D41BFD2003CA5AF;
					};
				};
			};
			buildConfigurationList = 092D2C382D41BFD2003CA5AF /* Build configuration list for PBXProject "iFridge" */;
			developmentRegion = en;
			hasScannedForEncodings = 0;
			knownRegions = (
				en,
				Base,
			);
			mainGroup = 092D2C342D41BFD2003CA5AF;
			minimizedProjectReferenceProxies = 1;
			packageReferences = (
				092D2C7F2D4565FD003CA5AF /* XCRemoteSwiftPackageReference "firebase-ios-sdk" */,
			);
			preferredProjectObjectVersion = 77;
			productRefGroup = 092D2C3E2D41BFD2003CA5AF /* Products */;
			projectDirPath = "";
			projectRoot = "";
			targets = (
				092D2C3C2D41BFD2003CA5AF /* iFridge */,
				092D2C4D2D41BFD3003CA5AF /* iFridgeTests */,
				092D2C572D41BFD3003CA5AF /* iFridgeUITests */,
			);
		};
/* End PBXProject section */

/* Begin PBXResourcesBuildPhase section */
		092D2C3B2D41BFD2003CA5AF /* Resources */ = {
			isa = PBXResourcesBuildPhase;
			buildActionMask = 2147483647;
			files = (
			);
			runOnlyForDeploymentPostprocessing = 0;
		};
		092D2C4C2D41BFD3003CA5AF /* Resources */ = {
			isa = PBXResourcesBuildPhase;
			buildActionMask = 2147483647;
			files = (
			);
			runOnlyForDeploymentPostprocessing = 0;
		};
		092D2C562D41BFD3003CA5AF /* Resources */ = {
			isa = PBXResourcesBuildPhase;
			buildActionMask = 2147483647;
			files = (
			);
			runOnlyForDeploymentPostprocessing = 0;
		};
/* End PBXResourcesBuildPhase section */

/* Begin PBXSourcesBuildPhase section */
		092D2C392D41BFD2003CA5AF /* Sources */ = {
			isa = PBXSourcesBuildPhase;
			buildActionMask = 2147483647;
			files = (
			);
			runOnlyForDeploymentPostprocessing = 0;
		};
		092D2C4A2D41BFD3003CA5AF /* Sources */ = {
			isa = PBXSourcesBuildPhase;
			buildActionMask = 2147483647;
			files = (
			);
			runOnlyForDeploymentPostprocessing = 0;
		};
		092D2C542D41BFD3003CA5AF /* Sources */ = {
			isa = PBXSourcesBuildPhase;
			buildActionMask = 2147483647;
			files = (
			);
			runOnlyForDeploymentPostprocessing = 0;
		};
/* End PBXSourcesBuildPhase section */

/* Begin PBXTargetDependency section */
		092D2C502D41BFD3003CA5AF /* PBXTargetDependency */ = {
			isa = PBXTargetDependency;
			target = 092D2C3C2D41BFD2003CA5AF /* iFridge */;
			targetProxy = 092D2C4F2D41BFD3003CA5AF /* PBXContainerItemProxy */;
		};
		092D2C5A2D41BFD3003CA5AF /* PBXTargetDependency */ = {
			isa = PBXTargetDependency;
			target = 092D2C3C2D41BFD2003CA5AF /* iFridge */;
			targetProxy = 092D2C592D41BFD3003CA5AF /* PBXContainerItemProxy */;
		};
/* End PBXTargetDependency section */

/* Begin XCBuildConfiguration section */
		092D2C602D41BFD3003CA5AF /* Debug */ = {
			isa = XCBuildConfiguration;
			buildSettings = {
				ALWAYS_SEARCH_USER_PATHS = NO;
				ASSETCATALOG_COMPILER_GENERATE_SWIFT_ASSET_SYMBOL_EXTENSIONS = YES;
				CLANG_ANALYZER_NONNULL = YES;
				CLANG_ANALYZER_NUMBER_OBJECT_CONVERSION = YES_AGGRESSIVE;
				CLANG_CXX_LANGUAGE_STANDARD = "gnu++20";
				CLANG_ENABLE_MODULES = YES;
				CLANG_ENABLE_OBJC_ARC = YES;
				CLANG_ENABLE_OBJC_WEAK = YES;
				CLANG_WARN_BLOCK_CAPTURE_AUTORELEASING = YES;
				CLANG_WARN_BOOL_CONVERSION = YES;
				CLANG_WARN_COMMA = YES;
				CLANG_WARN_CONSTANT_CONVERSION = YES;
				CLANG_WARN_DEPRECATED_OBJC_IMPLEMENTATIONS = YES;
				CLANG_WARN_DIRECT_OBJC_ISA_USAGE = YES_ERROR;
				CLANG_WARN_DOCUMENTATION_COMMENTS = YES;
				CLANG_WARN_EMPTY_BODY = YES;
				CLANG_WARN_ENUM_CONVERSION = YES;
				CLANG_WARN_INFINITE_RECURSION = YES;
				CLANG_WARN_INT_CONVERSION = YES;
				CLANG_WARN_NON_LITERAL_NULL_CONVERSION = YES;
				CLANG_WARN_OBJC_IMPLICIT_RETAIN_SELF = YES;
				CLANG_WARN_OBJC_LITERAL_CONVERSION = YES;
				CLANG_WARN_OBJC_ROOT_CLASS = YES_ERROR;
				CLANG_WARN_QUOTED_INCLUDE_IN_FRAMEWORK_HEADER = YES;
				CLANG_WARN_RANGE_LOOP_ANALYSIS = YES;
				CLANG_WARN_STRICT_PROTOTYPES = YES;
				CLANG_WARN_SUSPICIOUS_MOVE = YES;
				CLANG_WARN_UNGUARDED_AVAILABILITY = YES_AGGRESSIVE;
				CLANG_WARN_UNREACHABLE_CODE = YES;
				CLANG_WARN__DUPLICATE_METHOD_MATCH = YES;
				COPY_PHASE_STRIP = NO;
				DEBUG_INFORMATION_FORMAT = dwarf;
				ENABLE_STRICT_OBJC_MSGSEND = YES;
				ENABLE_TESTABILITY = YES;
				ENABLE_USER_SCRIPT_SANDBOXING = YES;
				GCC_C_LANGUAGE_STANDARD = gnu17;
				GCC_DYNAMIC_NO_PIC = NO;
				GCC_NO_COMMON_BLOCKS = YES;
				GCC_OPTIMIZATION_LEVEL = 0;
				GCC_PREPROCESSOR_DEFINITIONS = (
					"DEBUG=1",
					"$(inherited)",
				);
				GCC_WARN_64_TO_32_BIT_CONVERSION = YES;
				GCC_WARN_ABOUT_RETURN_TYPE = YES_ERROR;
				GCC_WARN_UNDECLARED_SELECTOR = YES;
				GCC_WARN_UNINITIALIZED_AUTOS = YES_AGGRESSIVE;
				GCC_WARN_UNUSED_FUNCTION = YES;
				GCC_WARN_UNUSED_VARIABLE = YES;
				LOCALIZATION_PREFERS_STRING_CATALOGS = YES;
				MTL_ENABLE_DEBUG_INFO = INCLUDE_SOURCE;
				MTL_FAST_MATH = YES;
				ONLY_ACTIVE_ARCH = YES;
				SWIFT_ACTIVE_COMPILATION_CONDITIONS = "DEBUG $(inherited)";
				SWIFT_OPTIMIZATION_LEVEL = "-Onone";
			};
			name = Debug;
		};
		092D2C612D41BFD3003CA5AF /* Release */ = {
			isa = XCBuildConfiguration;
			buildSettings = {
				ALWAYS_SEARCH_USER_PATHS = NO;
				ASSETCATALOG_COMPILER_GENERATE_SWIFT_ASSET_SYMBOL_EXTENSIONS = YES;
				CLANG_ANALYZER_NONNULL = YES;
				CLANG_ANALYZER_NUMBER_OBJECT_CONVERSION = YES_AGGRESSIVE;
				CLANG_CXX_LANGUAGE_STANDARD = "gnu++20";
				CLANG_ENABLE_MODULES = YES;
				CLANG_ENABLE_OBJC_ARC = YES;
				CLANG_ENABLE_OBJC_WEAK = YES;
				CLANG_WARN_BLOCK_CAPTURE_AUTORELEASING = YES;
				CLANG_WARN_BOOL_CONVERSION = YES;
				CLANG_WARN_COMMA = YES;
				CLANG_WARN_CONSTANT_CONVERSION = YES;
				CLANG_WARN_DEPRECATED_OBJC_IMPLEMENTATIONS = YES;
				CLANG_WARN_DIRECT_OBJC_ISA_USAGE = YES_ERROR;
				CLANG_WARN_DOCUMENTATION_COMMENTS = YES;
				CLANG_WARN_EMPTY_BODY = YES;
				CLANG_WARN_ENUM_CONVERSION = YES;
				CLANG_WARN_INFINITE_RECURSION = YES;
				CLANG_WARN_INT_CONVERSION = YES;
				CLANG_WARN_NON_LITERAL_NULL_CONVERSION = YES;
				CLANG_WARN_OBJC_IMPLICIT_RETAIN_SELF = YES;
				CLANG_WARN_OBJC_LITERAL_CONVERSION = YES;
				CLANG_WARN_OBJC_ROOT_CLASS = YES_ERROR;
				CLANG_WARN_QUOTED_INCLUDE_IN_FRAMEWORK_HEADER = YES;
				CLANG_WARN_RANGE_LOOP_ANALYSIS = YES;
				CLANG_WARN_STRICT_PROTOTYPES = YES;
				CLANG_WARN_SUSPICIOUS_MOVE = YES;
				CLANG_WARN_UNGUARDED_AVAILABILITY = YES_AGGRESSIVE;
				CLANG_WARN_UNREACHABLE_CODE = YES;
				CLANG_WARN__DUPLICATE_METHOD_MATCH = YES;
				COPY_PHASE_STRIP = NO;
				DEBUG_INFORMATION_FORMAT = "dwarf-with-dsym";
				ENABLE_NS_ASSERTIONS = NO;
				ENABLE_STRICT_OBJC_MSGSEND = YES;
				ENABLE_USER_SCRIPT_SANDBOXING = YES;
				GCC_C_LANGUAGE_STANDARD = gnu17;
				GCC_NO_COMMON_BLOCKS = YES;
				GCC_WARN_64_TO_32_BIT_CONVERSION = YES;
				GCC_WARN_ABOUT_RETURN_TYPE = YES_ERROR;
				GCC_WARN_UNDECLARED_SELECTOR = YES;
				GCC_WARN_UNINITIALIZED_AUTOS = YES_AGGRESSIVE;
				GCC_WARN_UNUSED_FUNCTION = YES;
				GCC_WARN_UNUSED_VARIABLE = YES;
				LOCALIZATION_PREFERS_STRING_CATALOGS = YES;
				MTL_ENABLE_DEBUG_INFO = NO;
				MTL_FAST_MATH = YES;
				SWIFT_COMPILATION_MODE = wholemodule;
			};
			name = Release;
		};
		092D2C632D41BFD3003CA5AF /* Debug */ = {
			isa = XCBuildConfiguration;
			buildSettings = {
				ASSETCATALOG_COMPILER_APPICON_NAME = AppIcon;
				ASSETCATALOG_COMPILER_GLOBAL_ACCENT_COLOR_NAME = AccentColor;
				CODE_SIGN_ENTITLEMENTS = iFridge/iFridge.entitlements;
				CODE_SIGN_STYLE = Automatic;
				CURRENT_PROJECT_VERSION = 1;
				DEVELOPMENT_ASSET_PATHS = "\"iFridge/Preview Content\"";
				ENABLE_PREVIEWS = YES;
				GENERATE_INFOPLIST_FILE = YES;
				INFOPLIST_FILE = iFridge/Info.plist;
				"INFOPLIST_KEY_UIApplicationSceneManifest_Generation[sdk=iphoneos*]" = YES;
				"INFOPLIST_KEY_UIApplicationSceneManifest_Generation[sdk=iphonesimulator*]" = YES;
				"INFOPLIST_KEY_UIApplicationSupportsIndirectInputEvents[sdk=iphoneos*]" = YES;
				"INFOPLIST_KEY_UIApplicationSupportsIndirectInputEvents[sdk=iphonesimulator*]" = YES;
				"INFOPLIST_KEY_UILaunchScreen_Generation[sdk=iphoneos*]" = YES;
				"INFOPLIST_KEY_UILaunchScreen_Generation[sdk=iphonesimulator*]" = YES;
				"INFOPLIST_KEY_UIStatusBarStyle[sdk=iphoneos*]" = UIStatusBarStyleDefault;
				"INFOPLIST_KEY_UIStatusBarStyle[sdk=iphonesimulator*]" = UIStatusBarStyleDefault;
				INFOPLIST_KEY_UISupportedInterfaceOrientations_iPad = "UIInterfaceOrientationPortrait UIInterfaceOrientationPortraitUpsideDown UIInterfaceOrientationLandscapeLeft UIInterfaceOrientationLandscapeRight";
				INFOPLIST_KEY_UISupportedInterfaceOrientations_iPhone = "UIInterfaceOrientationPortrait UIInterfaceOrientationLandscapeLeft UIInterfaceOrientationLandscapeRight";
				IPHONEOS_DEPLOYMENT_TARGET = 18.2;
				LD_RUNPATH_SEARCH_PATHS = "@executable_path/Frameworks";
				"LD_RUNPATH_SEARCH_PATHS[sdk=macosx*]" = "@executable_path/../Frameworks";
				MACOSX_DEPLOYMENT_TARGET = 15.0;
				MARKETING_VERSION = 1.0;
				PRODUCT_BUNDLE_IDENTIFIER = qunliu.iFridge;
				PRODUCT_NAME = "$(TARGET_NAME)";
				SDKROOT = auto;
				SUPPORTED_PLATFORMS = "iphoneos iphonesimulator macosx xros xrsimulator";
				SWIFT_EMIT_LOC_STRINGS = YES;
				SWIFT_VERSION = 5.0;
				TARGETED_DEVICE_FAMILY = "1,2,7";
				XROS_DEPLOYMENT_TARGET = 2.2;
			};
			name = Debug;
		};
		092D2C642D41BFD3003CA5AF /* Release */ = {
			isa = XCBuildConfiguration;
			buildSettings = {
				ASSETCATALOG_COMPILER_APPICON_NAME = AppIcon;
				ASSETCATALOG_COMPILER_GLOBAL_ACCENT_COLOR_NAME = AccentColor;
				CODE_SIGN_ENTITLEMENTS = iFridge/iFridge.entitlements;
				CODE_SIGN_STYLE = Automatic;
				CURRENT_PROJECT_VERSION = 1;
				DEVELOPMENT_ASSET_PATHS = "\"iFridge/Preview Content\"";
				ENABLE_PREVIEWS = YES;
				GENERATE_INFOPLIST_FILE = YES;
				INFOPLIST_FILE = iFridge/Info.plist;
				"INFOPLIST_KEY_UIApplicationSceneManifest_Generation[sdk=iphoneos*]" = YES;
				"INFOPLIST_KEY_UIApplicationSceneManifest_Generation[sdk=iphonesimulator*]" = YES;
				"INFOPLIST_KEY_UIApplicationSupportsIndirectInputEvents[sdk=iphoneos*]" = YES;
				"INFOPLIST_KEY_UIApplicationSupportsIndirectInputEvents[sdk=iphonesimulator*]" = YES;
				"INFOPLIST_KEY_UILaunchScreen_Generation[sdk=iphoneos*]" = YES;
				"INFOPLIST_KEY_UILaunchScreen_Generation[sdk=iphonesimulator*]" = YES;
				"INFOPLIST_KEY_UIStatusBarStyle[sdk=iphoneos*]" = UIStatusBarStyleDefault;
				"INFOPLIST_KEY_UIStatusBarStyle[sdk=iphonesimulator*]" = UIStatusBarStyleDefault;
				INFOPLIST_KEY_UISupportedInterfaceOrientations_iPad = "UIInterfaceOrientationPortrait UIInterfaceOrientationPortraitUpsideDown UIInterfaceOrientationLandscapeLeft UIInterfaceOrientationLandscapeRight";
				INFOPLIST_KEY_UISupportedInterfaceOrientations_iPhone = "UIInterfaceOrientationPortrait UIInterfaceOrientationLandscapeLeft UIInterfaceOrientationLandscapeRight";
				IPHONEOS_DEPLOYMENT_TARGET = 18.2;
				LD_RUNPATH_SEARCH_PATHS = "@executable_path/Frameworks";
				"LD_RUNPATH_SEARCH_PATHS[sdk=macosx*]" = "@executable_path/../Frameworks";
				MACOSX_DEPLOYMENT_TARGET = 15.0;
				MARKETING_VERSION = 1.0;
				PRODUCT_BUNDLE_IDENTIFIER = qunliu.iFridge;
				PRODUCT_NAME = "$(TARGET_NAME)";
				SDKROOT = auto;
				SUPPORTED_PLATFORMS = "iphoneos iphonesimulator macosx xros xrsimulator";
				SWIFT_EMIT_LOC_STRINGS = YES;
				SWIFT_VERSION = 5.0;
				TARGETED_DEVICE_FAMILY = "1,2,7";
				XROS_DEPLOYMENT_TARGET = 2.2;
			};
			name = Release;
		};
		092D2C662D41BFD3003CA5AF /* Debug */ = {
			isa = XCBuildConfiguration;
			buildSettings = {
				BUNDLE_LOADER = "$(TEST_HOST)";
				CODE_SIGN_STYLE = Automatic;
				CURRENT_PROJECT_VERSION = 1;
				GENERATE_INFOPLIST_FILE = YES;
				IPHONEOS_DEPLOYMENT_TARGET = 18.2;
				MACOSX_DEPLOYMENT_TARGET = 15.0;
				MARKETING_VERSION = 1.0;
				PRODUCT_BUNDLE_IDENTIFIER = qunliu.iFridgeTests;
				PRODUCT_NAME = "$(TARGET_NAME)";
				SDKROOT = auto;
				SUPPORTED_PLATFORMS = "iphoneos iphonesimulator macosx xros xrsimulator";
				SWIFT_EMIT_LOC_STRINGS = NO;
				SWIFT_VERSION = 5.0;
				TARGETED_DEVICE_FAMILY = "1,2,7";
				TEST_HOST = "$(BUILT_PRODUCTS_DIR)/iFridge.app/$(BUNDLE_EXECUTABLE_FOLDER_PATH)/iFridge";
				XROS_DEPLOYMENT_TARGET = 2.2;
			};
			name = Debug;
		};
		092D2C672D41BFD3003CA5AF /* Release */ = {
			isa = XCBuildConfiguration;
			buildSettings = {
				BUNDLE_LOADER = "$(TEST_HOST)";
				CODE_SIGN_STYLE = Automatic;
				CURRENT_PROJECT_VERSION = 1;
				GENERATE_INFOPLIST_FILE = YES;
				IPHONEOS_DEPLOYMENT_TARGET = 18.2;
				MACOSX_DEPLOYMENT_TARGET = 15.0;
				MARKETING_VERSION = 1.0;
				PRODUCT_BUNDLE_IDENTIFIER = qunliu.iFridgeTests;
				PRODUCT_NAME = "$(TARGET_NAME)";
				SDKROOT = auto;
				SUPPORTED_PLATFORMS = "iphoneos iphonesimulator macosx xros xrsimulator";
				SWIFT_EMIT_LOC_STRINGS = NO;
				SWIFT_VERSION = 5.0;
				TARGETED_DEVICE_FAMILY = "1,2,7";
				TEST_HOST = "$(BUILT_PRODUCTS_DIR)/iFridge.app/$(BUNDLE_EXECUTABLE_FOLDER_PATH)/iFridge";
				XROS_DEPLOYMENT_TARGET = 2.2;
			};
			name = Release;
		};
		092D2C692D41BFD3003CA5AF /* Debug */ = {
			isa = XCBuildConfiguration;
			buildSettings = {
				CODE_SIGN_STYLE = Automatic;
				CURRENT_PROJECT_VERSION = 1;
				GENERATE_INFOPLIST_FILE = YES;
				IPHONEOS_DEPLOYMENT_TARGET = 18.2;
				MACOSX_DEPLOYMENT_TARGET = 15.0;
				MARKETING_VERSION = 1.0;
				PRODUCT_BUNDLE_IDENTIFIER = qunliu.iFridgeUITests;
				PRODUCT_NAME = "$(TARGET_NAME)";
				SDKROOT = auto;
				SUPPORTED_PLATFORMS = "iphoneos iphonesimulator macosx xros xrsimulator";
				SWIFT_EMIT_LOC_STRINGS = NO;
				SWIFT_VERSION = 5.0;
				TARGETED_DEVICE_FAMILY = "1,2,7";
				TEST_TARGET_NAME = iFridge;
				XROS_DEPLOYMENT_TARGET = 2.2;
			};
			name = Debug;
		};
		092D2C6A2D41BFD3003CA5AF /* Release */ = {
			isa = XCBuildConfiguration;
			buildSettings = {
				CODE_SIGN_STYLE = Automatic;
				CURRENT_PROJECT_VERSION = 1;
				GENERATE_INFOPLIST_FILE = YES;
				IPHONEOS_DEPLOYMENT_TARGET = 18.2;
				MACOSX_DEPLOYMENT_TARGET = 15.0;
				MARKETING_VERSION = 1.0;
				PRODUCT_BUNDLE_IDENTIFIER = qunliu.iFridgeUITests;
				PRODUCT_NAME = "$(TARGET_NAME)";
				SDKROOT = auto;
				SUPPORTED_PLATFORMS = "iphoneos iphonesimulator macosx xros xrsimulator";
				SWIFT_EMIT_LOC_STRINGS = NO;
				SWIFT_VERSION = 5.0;
				TARGETED_DEVICE_FAMILY = "1,2,7";
				TEST_TARGET_NAME = iFridge;
				XROS_DEPLOYMENT_TARGET = 2.2;
			};
			name = Release;
		};
/* End XCBuildConfiguration section */

/* Begin XCConfigurationList section */
		092D2C382D41BFD2003CA5AF /* Build configuration list for PBXProject "iFridge" */ = {
			isa = XCConfigurationList;
			buildConfigurations = (
				092D2C602D41BFD3003CA5AF /* Debug */,
				092D2C612D41BFD3003CA5AF /* Release */,
			);
			defaultConfigurationIsVisible = 0;
			defaultConfigurationName = Release;
		};
		092D2C622D41BFD3003CA5AF /* Build configuration list for PBXNativeTarget "iFridge" */ = {
			isa = XCConfigurationList;
			buildConfigurations = (
				092D2C632D41BFD3003CA5AF /* Debug */,
				092D2C642D41BFD3003CA5AF /* Release */,
			);
			defaultConfigurationIsVisible = 0;
			defaultConfigurationName = Release;
		};
		092D2C652D41BFD3003CA5AF /* Build configuration list for PBXNativeTarget "iFridgeTests" */ = {
			isa = XCConfigurationList;
			buildConfigurations = (
				092D2C662D41BFD3003CA5AF /* Debug */,
				092D2C672D41BFD3003CA5AF /* Release */,
			);
			defaultConfigurationIsVisible = 0;
			defaultConfigurationName = Release;
		};
		092D2C682D41BFD3003CA5AF /* Build configuration list for PBXNativeTarget "iFridgeUITests" */ = {
			isa = XCConfigurationList;
			buildConfigurations = (
				092D2C692D41BFD3003CA5AF /* Debug */,
				092D2C6A2D41BFD3003CA5AF /* Release */,
			);
			defaultConfigurationIsVisible = 0;
			defaultConfigurationName = Release;
		};
/* End XCConfigurationList section */

/* Begin XCRemoteSwiftPackageReference section */
		092D2C7F2D4565FD003CA5AF /* XCRemoteSwiftPackageReference "firebase-ios-sdk" */ = {
			isa = XCRemoteSwiftPackageReference;
			repositoryURL = "https://github.com/firebase/firebase-ios-sdk";
			requirement = {
				kind = upToNextMajorVersion;
				minimumVersion = 11.7.0;
			};
		};
/* End XCRemoteSwiftPackageReference section */

/* Begin XCSwiftPackageProductDependency section */
		092D2C802D4565FD003CA5AF /* FirebaseAnalytics */ = {
			isa = XCSwiftPackageProductDependency;
			package = 092D2C7F2D4565FD003CA5AF /* XCRemoteSwiftPackageReference "firebase-ios-sdk" */;
			productName = FirebaseAnalytics;
		};
		092D2C822D4565FD003CA5AF /* FirebaseAuth */ = {
			isa = XCSwiftPackageProductDependency;
			package = 092D2C7F2D4565FD003CA5AF /* XCRemoteSwiftPackageReference "firebase-ios-sdk" */;
			productName = FirebaseAuth;
		};
		092D2C842D4565FD003CA5AF /* FirebaseStorage */ = {
			isa = XCSwiftPackageProductDependency;
			package = 092D2C7F2D4565FD003CA5AF /* XCRemoteSwiftPackageReference "firebase-ios-sdk" */;
			productName = FirebaseStorage;
		};
		092D339E2D497BA1003CA5AF /* FirebaseMessaging */ = {
			isa = XCSwiftPackageProductDependency;
			package = 092D2C7F2D4565FD003CA5AF /* XCRemoteSwiftPackageReference "firebase-ios-sdk" */;
			productName = FirebaseMessaging;
		};
/* End XCSwiftPackageProductDependency section */
	};
	rootObject = 092D2C352D41BFD2003CA5AF /* Project object */;
}
